// !$*UTF8*$!
{
	archiveVersion = 1;
	classes = {
	};
	objectVersion = 50;
	objects = {

/* Begin PBXBuildFile section */
		65AFBD4E261AEC360039CB66 /* AppDelegate.swift in Sources */ = {isa = PBXBuildFile; fileRef = 65AFBD4D261AEC360039CB66 /* AppDelegate.swift */; };
		65AFBD50261AEC360039CB66 /* SceneDelegate.swift in Sources */ = {isa = PBXBuildFile; fileRef = 65AFBD4F261AEC360039CB66 /* SceneDelegate.swift */; };
		65AFBD52261AEC360039CB66 /* ViewController.swift in Sources */ = {isa = PBXBuildFile; fileRef = 65AFBD51261AEC360039CB66 /* ViewController.swift */; };
		65AFBD55261AEC360039CB66 /* Main.storyboard in Resources */ = {isa = PBXBuildFile; fileRef = 65AFBD53261AEC360039CB66 /* Main.storyboard */; };
		65AFBD57261AEC380039CB66 /* Assets.xcassets in Resources */ = {isa = PBXBuildFile; fileRef = 65AFBD56261AEC380039CB66 /* Assets.xcassets */; };
		65AFBD5A261AEC380039CB66 /* LaunchScreen.storyboard in Resources */ = {isa = PBXBuildFile; fileRef = 65AFBD58261AEC380039CB66 /* LaunchScreen.storyboard */; };
		65AFBD6C261AF5130039CB66 /* MyMealsTableViewController.swift in Sources */ = {isa = PBXBuildFile; fileRef = 65AFBD6B261AF5130039CB66 /* MyMealsTableViewController.swift */; };
		65AFBD6F261B01460039CB66 /* MealTableViewCell.swift in Sources */ = {isa = PBXBuildFile; fileRef = 65AFBD6E261B01460039CB66 /* MealTableViewCell.swift */; };
		65AFBD72261B13A00039CB66 /* SearchMealsTableViewController.swift in Sources */ = {isa = PBXBuildFile; fileRef = 65AFBD71261B13A00039CB66 /* SearchMealsTableViewController.swift */; };
		65AFBD75261D70200039CB66 /* CreateMealTableViewController.swift in Sources */ = {isa = PBXBuildFile; fileRef = 65AFBD74261D70200039CB66 /* CreateMealTableViewController.swift */; };
		65AFBD78261DA9070039CB66 /* Popup.swift in Sources */ = {isa = PBXBuildFile; fileRef = 65AFBD77261DA9070039CB66 /* Popup.swift */; };
		65AFBD7B261DAD5B0039CB66 /* EditMealNameViewController.swift in Sources */ = {isa = PBXBuildFile; fileRef = 65AFBD7A261DAD5B0039CB66 /* EditMealNameViewController.swift */; };
		65AFBD7E261DAD710039CB66 /* EditMealInstructionsViewController.swift in Sources */ = {isa = PBXBuildFile; fileRef = 65AFBD7D261DAD710039CB66 /* EditMealInstructionsViewController.swift */; };
		65AFBD81261DCBA10039CB66 /* EditMealDelegate.swift in Sources */ = {isa = PBXBuildFile; fileRef = 65AFBD80261DCBA10039CB66 /* EditMealDelegate.swift */; };
		65AFBD84261EBA910039CB66 /* EditMealIngredientsTableViewController.swift in Sources */ = {isa = PBXBuildFile; fileRef = 65AFBD83261EBA910039CB66 /* EditMealIngredientsTableViewController.swift */; };
		65AFBD87261EC4240039CB66 /* IngredientDescriptionViewController.swift in Sources */ = {isa = PBXBuildFile; fileRef = 65AFBD86261EC4240039CB66 /* IngredientDescriptionViewController.swift */; };
		65AFBD8E261F445C0039CB66 /* RecipebookDataModel.xcdatamodeld in Sources */ = {isa = PBXBuildFile; fileRef = 65AFBD8C261F445C0039CB66 /* RecipebookDataModel.xcdatamodeld */; };
		65AFBDA0261F73780039CB66 /* MulticastDelegate.swift in Sources */ = {isa = PBXBuildFile; fileRef = 65AFBD9F261F73780039CB66 /* MulticastDelegate.swift */; };
		65AFBDA4261F743F0039CB66 /* DatabaseProtocol.swift in Sources */ = {isa = PBXBuildFile; fileRef = 65AFBDA3261F743F0039CB66 /* DatabaseProtocol.swift */; };
		65AFBDA7261F74930039CB66 /* CoreDataController.swift in Sources */ = {isa = PBXBuildFile; fileRef = 65AFBDA6261F74930039CB66 /* CoreDataController.swift */; };
		65AFBDBE261F78C10039CB66 /* Ingredient+CoreDataClass.swift in Sources */ = {isa = PBXBuildFile; fileRef = 65AFBDB8261F78C10039CB66 /* Ingredient+CoreDataClass.swift */; };
		65AFBDBF261F78C10039CB66 /* Ingredient+CoreDataProperties.swift in Sources */ = {isa = PBXBuildFile; fileRef = 65AFBDB9261F78C10039CB66 /* Ingredient+CoreDataProperties.swift */; };
		65AFBDC0261F78C10039CB66 /* Meal+CoreDataClass.swift in Sources */ = {isa = PBXBuildFile; fileRef = 65AFBDBA261F78C10039CB66 /* Meal+CoreDataClass.swift */; };
		65AFBDC1261F78C10039CB66 /* Meal+CoreDataProperties.swift in Sources */ = {isa = PBXBuildFile; fileRef = 65AFBDBB261F78C10039CB66 /* Meal+CoreDataProperties.swift */; };
		65AFBDC2261F78C10039CB66 /* IngredientMeasurement+CoreDataClass.swift in Sources */ = {isa = PBXBuildFile; fileRef = 65AFBDBC261F78C10039CB66 /* IngredientMeasurement+CoreDataClass.swift */; };
		65AFBDC3261F78C10039CB66 /* IngredientMeasurement+CoreDataProperties.swift in Sources */ = {isa = PBXBuildFile; fileRef = 65AFBDBD261F78C10039CB66 /* IngredientMeasurement+CoreDataProperties.swift */; };
		65AFBDC726202B500039CB66 /* IngredientMeasurementData.swift in Sources */ = {isa = PBXBuildFile; fileRef = 65AFBDC626202B500039CB66 /* IngredientMeasurementData.swift */; };
		65AFBDD32620904A0039CB66 /* IngredientRootWebData.swift in Sources */ = {isa = PBXBuildFile; fileRef = 65AFBDD2262090490039CB66 /* IngredientRootWebData.swift */; };
		65AFBDD6262091A10039CB66 /* IngredientWebData.swift in Sources */ = {isa = PBXBuildFile; fileRef = 65AFBDD5262091A10039CB66 /* IngredientWebData.swift */; };
		65AFBDD92621FBEB0039CB66 /* MealRootWebData.swift in Sources */ = {isa = PBXBuildFile; fileRef = 65AFBDD82621FBEB0039CB66 /* MealRootWebData.swift */; };
		65AFBDDC2621FC890039CB66 /* MealWebData.swift in Sources */ = {isa = PBXBuildFile; fileRef = 65AFBDDB2621FC890039CB66 /* MealWebData.swift */; };
		65AFBDDF262203120039CB66 /* MealData.swift in Sources */ = {isa = PBXBuildFile; fileRef = 65AFBDDE262203120039CB66 /* MealData.swift */; };
		65AFBE012628107D0039CB66 /* CustomFont.swift in Sources */ = {isa = PBXBuildFile; fileRef = 65AFBE002628107D0039CB66 /* CustomFont.swift */; };
/* End PBXBuildFile section */

/* Begin PBXFileReference section */
		65AFBD4A261AEC360039CB66 /* recipebook.app */ = {isa = PBXFileReference; explicitFileType = wrapper.application; includeInIndex = 0; path = recipebook.app; sourceTree = BUILT_PRODUCTS_DIR; };
		65AFBD4D261AEC360039CB66 /* AppDelegate.swift */ = {isa = PBXFileReference; lastKnownFileType = sourcecode.swift; path = AppDelegate.swift; sourceTree = "<group>"; };
		65AFBD4F261AEC360039CB66 /* SceneDelegate.swift */ = {isa = PBXFileReference; lastKnownFileType = sourcecode.swift; path = SceneDelegate.swift; sourceTree = "<group>"; };
		65AFBD51261AEC360039CB66 /* ViewController.swift */ = {isa = PBXFileReference; lastKnownFileType = sourcecode.swift; path = ViewController.swift; sourceTree = "<group>"; };
		65AFBD54261AEC360039CB66 /* Base */ = {isa = PBXFileReference; lastKnownFileType = file.storyboard; name = Base; path = Base.lproj/Main.storyboard; sourceTree = "<group>"; };
		65AFBD56261AEC380039CB66 /* Assets.xcassets */ = {isa = PBXFileReference; lastKnownFileType = folder.assetcatalog; path = Assets.xcassets; sourceTree = "<group>"; };
		65AFBD59261AEC380039CB66 /* Base */ = {isa = PBXFileReference; lastKnownFileType = file.storyboard; name = Base; path = Base.lproj/LaunchScreen.storyboard; sourceTree = "<group>"; };
		65AFBD5B261AEC380039CB66 /* Info.plist */ = {isa = PBXFileReference; lastKnownFileType = text.plist.xml; path = Info.plist; sourceTree = "<group>"; };
		65AFBD6B261AF5130039CB66 /* MyMealsTableViewController.swift */ = {isa = PBXFileReference; lastKnownFileType = sourcecode.swift; path = MyMealsTableViewController.swift; sourceTree = "<group>"; };
		65AFBD6E261B01460039CB66 /* MealTableViewCell.swift */ = {isa = PBXFileReference; lastKnownFileType = sourcecode.swift; path = MealTableViewCell.swift; sourceTree = "<group>"; };
		65AFBD71261B13A00039CB66 /* SearchMealsTableViewController.swift */ = {isa = PBXFileReference; lastKnownFileType = sourcecode.swift; path = SearchMealsTableViewController.swift; sourceTree = "<group>"; };
		65AFBD74261D70200039CB66 /* CreateMealTableViewController.swift */ = {isa = PBXFileReference; lastKnownFileType = sourcecode.swift; path = CreateMealTableViewController.swift; sourceTree = "<group>"; };
		65AFBD77261DA9070039CB66 /* Popup.swift */ = {isa = PBXFileReference; lastKnownFileType = sourcecode.swift; path = Popup.swift; sourceTree = "<group>"; };
		65AFBD7A261DAD5B0039CB66 /* EditMealNameViewController.swift */ = {isa = PBXFileReference; lastKnownFileType = sourcecode.swift; path = EditMealNameViewController.swift; sourceTree = "<group>"; };
		65AFBD7D261DAD710039CB66 /* EditMealInstructionsViewController.swift */ = {isa = PBXFileReference; lastKnownFileType = sourcecode.swift; path = EditMealInstructionsViewController.swift; sourceTree = "<group>"; };
		65AFBD80261DCBA10039CB66 /* EditMealDelegate.swift */ = {isa = PBXFileReference; lastKnownFileType = sourcecode.swift; path = EditMealDelegate.swift; sourceTree = "<group>"; };
		65AFBD83261EBA910039CB66 /* EditMealIngredientsTableViewController.swift */ = {isa = PBXFileReference; lastKnownFileType = sourcecode.swift; path = EditMealIngredientsTableViewController.swift; sourceTree = "<group>"; };
		65AFBD86261EC4240039CB66 /* IngredientDescriptionViewController.swift */ = {isa = PBXFileReference; lastKnownFileType = sourcecode.swift; path = IngredientDescriptionViewController.swift; sourceTree = "<group>"; };
		65AFBD8D261F445C0039CB66 /* RecipebookDataModel.xcdatamodel */ = {isa = PBXFileReference; lastKnownFileType = wrapper.xcdatamodel; path = RecipebookDataModel.xcdatamodel; sourceTree = "<group>"; };
		65AFBD9F261F73780039CB66 /* MulticastDelegate.swift */ = {isa = PBXFileReference; lastKnownFileType = sourcecode.swift; path = MulticastDelegate.swift; sourceTree = "<group>"; };
		65AFBDA3261F743F0039CB66 /* DatabaseProtocol.swift */ = {isa = PBXFileReference; lastKnownFileType = sourcecode.swift; path = DatabaseProtocol.swift; sourceTree = "<group>"; };
		65AFBDA6261F74930039CB66 /* CoreDataController.swift */ = {isa = PBXFileReference; lastKnownFileType = sourcecode.swift; path = CoreDataController.swift; sourceTree = "<group>"; };
		65AFBDB8261F78C10039CB66 /* Ingredient+CoreDataClass.swift */ = {isa = PBXFileReference; lastKnownFileType = sourcecode.swift; path = "Ingredient+CoreDataClass.swift"; sourceTree = "<group>"; };
		65AFBDB9261F78C10039CB66 /* Ingredient+CoreDataProperties.swift */ = {isa = PBXFileReference; lastKnownFileType = sourcecode.swift; path = "Ingredient+CoreDataProperties.swift"; sourceTree = "<group>"; };
		65AFBDBA261F78C10039CB66 /* Meal+CoreDataClass.swift */ = {isa = PBXFileReference; lastKnownFileType = sourcecode.swift; path = "Meal+CoreDataClass.swift"; sourceTree = "<group>"; };
		65AFBDBB261F78C10039CB66 /* Meal+CoreDataProperties.swift */ = {isa = PBXFileReference; lastKnownFileType = sourcecode.swift; path = "Meal+CoreDataProperties.swift"; sourceTree = "<group>"; };
		65AFBDBC261F78C10039CB66 /* IngredientMeasurement+CoreDataClass.swift */ = {isa = PBXFileReference; lastKnownFileType = sourcecode.swift; path = "IngredientMeasurement+CoreDataClass.swift"; sourceTree = "<group>"; };
		65AFBDBD261F78C10039CB66 /* IngredientMeasurement+CoreDataProperties.swift */ = {isa = PBXFileReference; lastKnownFileType = sourcecode.swift; path = "IngredientMeasurement+CoreDataProperties.swift"; sourceTree = "<group>"; };
		65AFBDC626202B500039CB66 /* IngredientMeasurementData.swift */ = {isa = PBXFileReference; lastKnownFileType = sourcecode.swift; path = IngredientMeasurementData.swift; sourceTree = "<group>"; };
		65AFBDD2262090490039CB66 /* IngredientRootWebData.swift */ = {isa = PBXFileReference; lastKnownFileType = sourcecode.swift; path = IngredientRootWebData.swift; sourceTree = "<group>"; };
		65AFBDD5262091A10039CB66 /* IngredientWebData.swift */ = {isa = PBXFileReference; lastKnownFileType = sourcecode.swift; path = IngredientWebData.swift; sourceTree = "<group>"; };
		65AFBDD82621FBEB0039CB66 /* MealRootWebData.swift */ = {isa = PBXFileReference; lastKnownFileType = sourcecode.swift; path = MealRootWebData.swift; sourceTree = "<group>"; };
		65AFBDDB2621FC890039CB66 /* MealWebData.swift */ = {isa = PBXFileReference; lastKnownFileType = sourcecode.swift; path = MealWebData.swift; sourceTree = "<group>"; };
		65AFBDDE262203120039CB66 /* MealData.swift */ = {isa = PBXFileReference; lastKnownFileType = sourcecode.swift; path = MealData.swift; sourceTree = "<group>"; };
		65AFBE002628107D0039CB66 /* CustomFont.swift */ = {isa = PBXFileReference; lastKnownFileType = sourcecode.swift; path = CustomFont.swift; sourceTree = "<group>"; };
/* End PBXFileReference section */

/* Begin PBXFrameworksBuildPhase section */
		65AFBD47261AEC360039CB66 /* Frameworks */ = {
			isa = PBXFrameworksBuildPhase;
			buildActionMask = 2147483647;
			files = (
			);
			runOnlyForDeploymentPostprocessing = 0;
		};
/* End PBXFrameworksBuildPhase section */

/* Begin PBXGroup section */
		65AFBD41261AEC360039CB66 = {
			isa = PBXGroup;
			children = (
				65AFBD4C261AEC360039CB66 /* recipebook */,
				65AFBD4B261AEC360039CB66 /* Products */,
			);
			sourceTree = "<group>";
		};
		65AFBD4B261AEC360039CB66 /* Products */ = {
			isa = PBXGroup;
			children = (
				65AFBD4A261AEC360039CB66 /* recipebook.app */,
			);
			name = Products;
			sourceTree = "<group>";
		};
		65AFBD4C261AEC360039CB66 /* recipebook */ = {
			isa = PBXGroup;
			children = (
				65AFBDFE26275FEF0039CB66 /* ViewControllers */,
				65AFBDFD26275F3B0039CB66 /* Web Services */,
				65AFBD9E261F73520039CB66 /* Database */,
				65AFBD8B261F43DA0039CB66 /* DataModel */,
				65AFBD4D261AEC360039CB66 /* AppDelegate.swift */,
				65AFBD4F261AEC360039CB66 /* SceneDelegate.swift */,
				65AFBD51261AEC360039CB66 /* ViewController.swift */,
				65AFBD53261AEC360039CB66 /* Main.storyboard */,
				65AFBD56261AEC380039CB66 /* Assets.xcassets */,
				65AFBD58261AEC380039CB66 /* LaunchScreen.storyboard */,
				65AFBD5B261AEC380039CB66 /* Info.plist */,
				65AFBD6E261B01460039CB66 /* MealTableViewCell.swift */,
				65AFBD77261DA9070039CB66 /* Popup.swift */,
				65AFBD80261DCBA10039CB66 /* EditMealDelegate.swift */,
				65AFBDC626202B500039CB66 /* IngredientMeasurementData.swift */,
				65AFBDDE262203120039CB66 /* MealData.swift */,
				65AFBE002628107D0039CB66 /* CustomFont.swift */,
			);
			path = recipebook;
			sourceTree = "<group>";
		};
		65AFBD8B261F43DA0039CB66 /* DataModel */ = {
			isa = PBXGroup;
			children = (
				65AFBD8C261F445C0039CB66 /* RecipebookDataModel.xcdatamodeld */,
			);
			path = DataModel;
			sourceTree = "<group>";
		};
		65AFBD9E261F73520039CB66 /* Database */ = {
			isa = PBXGroup;
			children = (
				65AFBDB8261F78C10039CB66 /* Ingredient+CoreDataClass.swift */,
				65AFBDB9261F78C10039CB66 /* Ingredient+CoreDataProperties.swift */,
				65AFBDBA261F78C10039CB66 /* Meal+CoreDataClass.swift */,
				65AFBDBB261F78C10039CB66 /* Meal+CoreDataProperties.swift */,
				65AFBDBC261F78C10039CB66 /* IngredientMeasurement+CoreDataClass.swift */,
				65AFBDBD261F78C10039CB66 /* IngredientMeasurement+CoreDataProperties.swift */,
				65AFBD9F261F73780039CB66 /* MulticastDelegate.swift */,
				65AFBDA3261F743F0039CB66 /* DatabaseProtocol.swift */,
				65AFBDA6261F74930039CB66 /* CoreDataController.swift */,
			);
			path = Database;
			sourceTree = "<group>";
		};
		65AFBDFD26275F3B0039CB66 /* Web Services */ = {
			isa = PBXGroup;
			children = (
				65AFBDD2262090490039CB66 /* IngredientRootWebData.swift */,
				65AFBDD5262091A10039CB66 /* IngredientWebData.swift */,
				65AFBDD82621FBEB0039CB66 /* MealRootWebData.swift */,
				65AFBDDB2621FC890039CB66 /* MealWebData.swift */,
			);
			path = "Web Services";
			sourceTree = "<group>";
		};
		65AFBDFE26275FEF0039CB66 /* ViewControllers */ = {
			isa = PBXGroup;
			children = (
				65AFBD6B261AF5130039CB66 /* MyMealsTableViewController.swift */,
				65AFBD71261B13A00039CB66 /* SearchMealsTableViewController.swift */,
				65AFBD74261D70200039CB66 /* CreateMealTableViewController.swift */,
				65AFBD7A261DAD5B0039CB66 /* EditMealNameViewController.swift */,
				65AFBD7D261DAD710039CB66 /* EditMealInstructionsViewController.swift */,
				65AFBD83261EBA910039CB66 /* EditMealIngredientsTableViewController.swift */,
				65AFBD86261EC4240039CB66 /* IngredientDescriptionViewController.swift */,
			);
			path = ViewControllers;
			sourceTree = "<group>";
		};
/* End PBXGroup section */

/* Begin PBXNativeTarget section */
		65AFBD49261AEC360039CB66 /* recipebook */ = {
			isa = PBXNativeTarget;
			buildConfigurationList = 65AFBD5E261AEC380039CB66 /* Build configuration list for PBXNativeTarget "recipebook" */;
			buildPhases = (
				65AFBD46261AEC360039CB66 /* Sources */,
				65AFBD47261AEC360039CB66 /* Frameworks */,
				65AFBD48261AEC360039CB66 /* Resources */,
			);
			buildRules = (
			);
			dependencies = (
			);
			name = recipebook;
			productName = recipebook;
			productReference = 65AFBD4A261AEC360039CB66 /* recipebook.app */;
			productType = "com.apple.product-type.application";
		};
/* End PBXNativeTarget section */

/* Begin PBXProject section */
		65AFBD42261AEC360039CB66 /* Project object */ = {
			isa = PBXProject;
			attributes = {
				LastSwiftUpdateCheck = 1240;
				LastUpgradeCheck = 1240;
				TargetAttributes = {
					65AFBD49261AEC360039CB66 = {
						CreatedOnToolsVersion = 12.4;
					};
				};
			};
			buildConfigurationList = 65AFBD45261AEC360039CB66 /* Build configuration list for PBXProject "recipebook" */;
			compatibilityVersion = "Xcode 9.3";
			developmentRegion = en;
			hasScannedForEncodings = 0;
			knownRegions = (
				en,
				Base,
			);
			mainGroup = 65AFBD41261AEC360039CB66;
			productRefGroup = 65AFBD4B261AEC360039CB66 /* Products */;
			projectDirPath = "";
			projectRoot = "";
			targets = (
				65AFBD49261AEC360039CB66 /* recipebook */,
			);
		};
/* End PBXProject section */

/* Begin PBXResourcesBuildPhase section */
		65AFBD48261AEC360039CB66 /* Resources */ = {
			isa = PBXResourcesBuildPhase;
			buildActionMask = 2147483647;
			files = (
				65AFBD5A261AEC380039CB66 /* LaunchScreen.storyboard in Resources */,
				65AFBD57261AEC380039CB66 /* Assets.xcassets in Resources */,
				65AFBD55261AEC360039CB66 /* Main.storyboard in Resources */,
			);
			runOnlyForDeploymentPostprocessing = 0;
		};
/* End PBXResourcesBuildPhase section */

/* Begin PBXSourcesBuildPhase section */
		65AFBD46261AEC360039CB66 /* Sources */ = {
			isa = PBXSourcesBuildPhase;
			buildActionMask = 2147483647;
			files = (
				65AFBDBF261F78C10039CB66 /* Ingredient+CoreDataProperties.swift in Sources */,
				65AFBD87261EC4240039CB66 /* IngredientDescriptionViewController.swift in Sources */,
				65AFBDC2261F78C10039CB66 /* IngredientMeasurement+CoreDataClass.swift in Sources */,
				65AFBDC1261F78C10039CB66 /* Meal+CoreDataProperties.swift in Sources */,
				65AFBD7B261DAD5B0039CB66 /* EditMealNameViewController.swift in Sources */,
				65AFBD81261DCBA10039CB66 /* EditMealDelegate.swift in Sources */,
				65AFBDD32620904A0039CB66 /* IngredientRootWebData.swift in Sources */,
				65AFBDDC2621FC890039CB66 /* MealWebData.swift in Sources */,
				65AFBD7E261DAD710039CB66 /* EditMealInstructionsViewController.swift in Sources */,
				65AFBDA7261F74930039CB66 /* CoreDataController.swift in Sources */,
				65AFBD6C261AF5130039CB66 /* MyMealsTableViewController.swift in Sources */,
				65AFBDDF262203120039CB66 /* MealData.swift in Sources */,
				65AFBDA0261F73780039CB66 /* MulticastDelegate.swift in Sources */,
				65AFBDC0261F78C10039CB66 /* Meal+CoreDataClass.swift in Sources */,
				65AFBD72261B13A00039CB66 /* SearchMealsTableViewController.swift in Sources */,
				65AFBE012628107D0039CB66 /* CustomFont.swift in Sources */,
				65AFBDA4261F743F0039CB66 /* DatabaseProtocol.swift in Sources */,
				65AFBD8E261F445C0039CB66 /* RecipebookDataModel.xcdatamodeld in Sources */,
				65AFBDD6262091A10039CB66 /* IngredientWebData.swift in Sources */,
				65AFBD84261EBA910039CB66 /* EditMealIngredientsTableViewController.swift in Sources */,
				65AFBDC726202B500039CB66 /* IngredientMeasurementData.swift in Sources */,
				65AFBD6F261B01460039CB66 /* MealTableViewCell.swift in Sources */,
				65AFBD52261AEC360039CB66 /* ViewController.swift in Sources */,
				65AFBDBE261F78C10039CB66 /* Ingredient+CoreDataClass.swift in Sources */,
				65AFBD4E261AEC360039CB66 /* AppDelegate.swift in Sources */,
				65AFBD75261D70200039CB66 /* CreateMealTableViewController.swift in Sources */,
				65AFBD78261DA9070039CB66 /* Popup.swift in Sources */,
				65AFBD50261AEC360039CB66 /* SceneDelegate.swift in Sources */,
				65AFBDC3261F78C10039CB66 /* IngredientMeasurement+CoreDataProperties.swift in Sources */,
				65AFBDD92621FBEB0039CB66 /* MealRootWebData.swift in Sources */,
			);
			runOnlyForDeploymentPostprocessing = 0;
		};
/* End PBXSourcesBuildPhase section */

/* Begin PBXVariantGroup section */
		65AFBD53261AEC360039CB66 /* Main.storyboard */ = {
			isa = PBXVariantGroup;
			children = (
				65AFBD54261AEC360039CB66 /* Base */,
			);
			name = Main.storyboard;
			sourceTree = "<group>";
		};
		65AFBD58261AEC380039CB66 /* LaunchScreen.storyboard */ = {
			isa = PBXVariantGroup;
			children = (
				65AFBD59261AEC380039CB66 /* Base */,
			);
			name = LaunchScreen.storyboard;
			sourceTree = "<group>";
		};
/* End PBXVariantGroup section */

/* Begin XCBuildConfiguration section */
		65AFBD5C261AEC380039CB66 /* Debug */ = {
			isa = XCBuildConfiguration;
			buildSettings = {
				ALWAYS_SEARCH_USER_PATHS = NO;
				CLANG_ANALYZER_NONNULL = YES;
				CLANG_ANALYZER_NUMBER_OBJECT_CONVERSION = YES_AGGRESSIVE;
				CLANG_CXX_LANGUAGE_STANDARD = "gnu++14";
				CLANG_CXX_LIBRARY = "libc++";
				CLANG_ENABLE_MODULES = YES;
				CLANG_ENABLE_OBJC_ARC = YES;
				CLANG_ENABLE_OBJC_WEAK = YES;
				CLANG_WARN_BLOCK_CAPTURE_AUTORELEASING = YES;
				CLANG_WARN_BOOL_CONVERSION = YES;
				CLANG_WARN_COMMA = YES;
				CLANG_WARN_CONSTANT_CONVERSION = YES;
				CLANG_WARN_DEPRECATED_OBJC_IMPLEMENTATIONS = YES;
				CLANG_WARN_DIRECT_OBJC_ISA_USAGE = YES_ERROR;
				CLANG_WARN_DOCUMENTATION_COMMENTS = YES;
				CLANG_WARN_EMPTY_BODY = YES;
				CLANG_WARN_ENUM_CONVERSION = YES;
				CLANG_WARN_INFINITE_RECURSION = YES;
				CLANG_WARN_INT_CONVERSION = YES;
				CLANG_WARN_NON_LITERAL_NULL_CONVERSION = YES;
				CLANG_WARN_OBJC_IMPLICIT_RETAIN_SELF = YES;
				CLANG_WARN_OBJC_LITERAL_CONVERSION = YES;
				CLANG_WARN_OBJC_ROOT_CLASS = YES_ERROR;
				CLANG_WARN_QUOTED_INCLUDE_IN_FRAMEWORK_HEADER = YES;
				CLANG_WARN_RANGE_LOOP_ANALYSIS = YES;
				CLANG_WARN_STRICT_PROTOTYPES = YES;
				CLANG_WARN_SUSPICIOUS_MOVE = YES;
				CLANG_WARN_UNGUARDED_AVAILABILITY = YES_AGGRESSIVE;
				CLANG_WARN_UNREACHABLE_CODE = YES;
				CLANG_WARN__DUPLICATE_METHOD_MATCH = YES;
				COPY_PHASE_STRIP = NO;
				DEBUG_INFORMATION_FORMAT = dwarf;
				ENABLE_STRICT_OBJC_MSGSEND = YES;
				ENABLE_TESTABILITY = YES;
				GCC_C_LANGUAGE_STANDARD = gnu11;
				GCC_DYNAMIC_NO_PIC = NO;
				GCC_NO_COMMON_BLOCKS = YES;
				GCC_OPTIMIZATION_LEVEL = 0;
				GCC_PREPROCESSOR_DEFINITIONS = (
					"DEBUG=1",
					"$(inherited)",
				);
				GCC_WARN_64_TO_32_BIT_CONVERSION = YES;
				GCC_WARN_ABOUT_RETURN_TYPE = YES_ERROR;
				GCC_WARN_UNDECLARED_SELECTOR = YES;
				GCC_WARN_UNINITIALIZED_AUTOS = YES_AGGRESSIVE;
				GCC_WARN_UNUSED_FUNCTION = YES;
				GCC_WARN_UNUSED_VARIABLE = YES;
				IPHONEOS_DEPLOYMENT_TARGET = 14.4;
				MTL_ENABLE_DEBUG_INFO = INCLUDE_SOURCE;
				MTL_FAST_MATH = YES;
				ONLY_ACTIVE_ARCH = YES;
				SDKROOT = iphoneos;
				SWIFT_ACTIVE_COMPILATION_CONDITIONS = DEBUG;
				SWIFT_OPTIMIZATION_LEVEL = "-Onone";
			};
			name = Debug;
		};
		65AFBD5D261AEC380039CB66 /* Release */ = {
			isa = XCBuildConfiguration;
			buildSettings = {
				ALWAYS_SEARCH_USER_PATHS = NO;
				CLANG_ANALYZER_NONNULL = YES;
				CLANG_ANALYZER_NUMBER_OBJECT_CONVERSION = YES_AGGRESSIVE;
				CLANG_CXX_LANGUAGE_STANDARD = "gnu++14";
				CLANG_CXX_LIBRARY = "libc++";
				CLANG_ENABLE_MODULES = YES;
				CLANG_ENABLE_OBJC_ARC = YES;
				CLANG_ENABLE_OBJC_WEAK = YES;
				CLANG_WARN_BLOCK_CAPTURE_AUTORELEASING = YES;
				CLANG_WARN_BOOL_CONVERSION = YES;
				CLANG_WARN_COMMA = YES;
				CLANG_WARN_CONSTANT_CONVERSION = YES;
				CLANG_WARN_DEPRECATED_OBJC_IMPLEMENTATIONS = YES;
				CLANG_WARN_DIRECT_OBJC_ISA_USAGE = YES_ERROR;
				CLANG_WARN_DOCUMENTATION_COMMENTS = YES;
				CLANG_WARN_EMPTY_BODY = YES;
				CLANG_WARN_ENUM_CONVERSION = YES;
				CLANG_WARN_INFINITE_RECURSION = YES;
				CLANG_WARN_INT_CONVERSION = YES;
				CLANG_WARN_NON_LITERAL_NULL_CONVERSION = YES;
				CLANG_WARN_OBJC_IMPLICIT_RETAIN_SELF = YES;
				CLANG_WARN_OBJC_LITERAL_CONVERSION = YES;
				CLANG_WARN_OBJC_ROOT_CLASS = YES_ERROR;
				CLANG_WARN_QUOTED_INCLUDE_IN_FRAMEWORK_HEADER = YES;
				CLANG_WARN_RANGE_LOOP_ANALYSIS = YES;
				CLANG_WARN_STRICT_PROTOTYPES = YES;
				CLANG_WARN_SUSPICIOUS_MOVE = YES;
				CLANG_WARN_UNGUARDED_AVAILABILITY = YES_AGGRESSIVE;
				CLANG_WARN_UNREACHABLE_CODE = YES;
				CLANG_WARN__DUPLICATE_METHOD_MATCH = YES;
				COPY_PHASE_STRIP = NO;
				DEBUG_INFORMATION_FORMAT = "dwarf-with-dsym";
				ENABLE_NS_ASSERTIONS = NO;
				ENABLE_STRICT_OBJC_MSGSEND = YES;
				GCC_C_LANGUAGE_STANDARD = gnu11;
				GCC_NO_COMMON_BLOCKS = YES;
				GCC_WARN_64_TO_32_BIT_CONVERSION = YES;
				GCC_WARN_ABOUT_RETURN_TYPE = YES_ERROR;
				GCC_WARN_UNDECLARED_SELECTOR = YES;
				GCC_WARN_UNINITIALIZED_AUTOS = YES_AGGRESSIVE;
				GCC_WARN_UNUSED_FUNCTION = YES;
				GCC_WARN_UNUSED_VARIABLE = YES;
				IPHONEOS_DEPLOYMENT_TARGET = 14.4;
				MTL_ENABLE_DEBUG_INFO = NO;
				MTL_FAST_MATH = YES;
				SDKROOT = iphoneos;
				SWIFT_COMPILATION_MODE = wholemodule;
				SWIFT_OPTIMIZATION_LEVEL = "-O";
				VALIDATE_PRODUCT = YES;
			};
			name = Release;
		};
		65AFBD5F261AEC380039CB66 /* Debug */ = {
			isa = XCBuildConfiguration;
			buildSettings = {
				ASSETCATALOG_COMPILER_APPICON_NAME = AppIcon;
				ASSETCATALOG_COMPILER_GLOBAL_ACCENT_COLOR_NAME = AccentColor;
				CODE_SIGN_STYLE = Automatic;
				INFOPLIST_FILE = recipebook/Info.plist;
				LD_RUNPATH_SEARCH_PATHS = (
					"$(inherited)",
					"@executable_path/Frameworks",
				);
				PRODUCT_BUNDLE_IDENTIFIER = edu.monash.recipebook;
				PRODUCT_NAME = "$(TARGET_NAME)";
				SWIFT_VERSION = 5.0;
				TARGETED_DEVICE_FAMILY = "1,2";
			};
			name = Debug;
		};
		65AFBD60261AEC380039CB66 /* Release */ = {
			isa = XCBuildConfiguration;
			buildSettings = {
				ASSETCATALOG_COMPILER_APPICON_NAME = AppIcon;
				ASSETCATALOG_COMPILER_GLOBAL_ACCENT_COLOR_NAME = AccentColor;
				CODE_SIGN_STYLE = Automatic;
				INFOPLIST_FILE = recipebook/Info.plist;
				LD_RUNPATH_SEARCH_PATHS = (
					"$(inherited)",
					"@executable_path/Frameworks",
				);
				PRODUCT_BUNDLE_IDENTIFIER = edu.monash.recipebook;
				PRODUCT_NAME = "$(TARGET_NAME)";
				SWIFT_VERSION = 5.0;
				TARGETED_DEVICE_FAMILY = "1,2";
			};
			name = Release;
		};
/* End XCBuildConfiguration section */

/* Begin XCConfigurationList section */
		65AFBD45261AEC360039CB66 /* Build configuration list for PBXProject "recipebook" */ = {
			isa = XCConfigurationList;
			buildConfigurations = (
				65AFBD5C261AEC380039CB66 /* Debug */,
				65AFBD5D261AEC380039CB66 /* Release */,
			);
			defaultConfigurationIsVisible = 0;
			defaultConfigurationName = Release;
		};
		65AFBD5E261AEC380039CB66 /* Build configuration list for PBXNativeTarget "recipebook" */ = {
			isa = XCConfigurationList;
			buildConfigurations = (
				65AFBD5F261AEC380039CB66 /* Debug */,
				65AFBD60261AEC380039CB66 /* Release */,
			);
			defaultConfigurationIsVisible = 0;
			defaultConfigurationName = Release;
		};
/* End XCConfigurationList section */

/* Begin XCVersionGroup section */
		65AFBD8C261F445C0039CB66 /* RecipebookDataModel.xcdatamodeld */ = {
			isa = XCVersionGroup;
			children = (
				65AFBD8D261F445C0039CB66 /* RecipebookDataModel.xcdatamodel */,
			);
			currentVersion = 65AFBD8D261F445C0039CB66 /* RecipebookDataModel.xcdatamodel */;
			path = RecipebookDataModel.xcdatamodeld;
			sourceTree = "<group>";
			versionGroupType = wrapper.xcdatamodel;
		};
/* End XCVersionGroup section */
	};
	rootObject = 65AFBD42261AEC360039CB66 /* Project object */;
}
